
Microsoft Visual Studio Solution File, Format Version 12.00
# Visual Studio Version 17
VisualStudioVersion = 17.12.35514.174
MinimumVisualStudioVersion = 10.0.40219.1
Project("{FAE04EC0-301F-11D3-BF4B-00C04F79EFBC}") = "Gppbox", "Gppbox.csproj", "{ABB2BDA1-FD52-470F-B61D-A6E8F0BB4782}"
EndProject
Global
	GlobalSection(SolutionConfigurationPlatforms) = preSolution
		Debug|Any CPU = Debug|Any CPU
		Release|Any CPU = Release|Any CPU
	EndGlobalSection
	GlobalSection(ProjectConfigurationPlatforms) = postSolution
		{ABB2BDA1-FD52-470F-B61D-A6E8F0BB4782}.Debug|Any CPU.ActiveCfg = Debug|Any CPU
		{ABB2BDA1-FD52-470F-B61D-A6E8F0BB4782}.Debug|Any CPU.Build.0 = Debug|Any CPU
		{ABB2BDA1-FD52-470F-B61D-A6E8F0BB4782}.Release|Any CPU.ActiveCfg = Release|Any CPU
		{ABB2BDA1-FD52-470F-B61D-A6E8F0BB4782}.Release|Any CPU.Build.0 = Release|Any CPU
	EndGlobalSection
	GlobalSection(SolutionProperties) = preSolution
		HideSolutionNode = FALSE
	EndGlobalSection
	GlobalSection(ExtensibilityGlobals) = postSolution
		SolutionGuid = {5132E153-1843-47E0-A88B-319F64230D7A}
	EndGlobalSection
EndGlobal
