
Microsoft Visual Studio Solution File, Format Version 12.00
# Visual Studio Version 17
VisualStudioVersion = 17.12.35514.174
MinimumVisualStudioVersion = 10.0.40219.1
Project("{9A19103F-16F7-4668-BE54-9A1E7A4F7556}") = "GppboxServer", "GppboxServer.csproj", "{ABB2BDA1-FD52-470F-B61D-A6E8F0BB4782}"
EndProject
Project("{2150E333-8FDC-42A3-9474-1A3956D46DE8}") = "Éléments de solution", "Éléments de solution", "{A633DB48-75AF-4879-97E1-395AED41E266}"
	ProjectSection(SolutionItems) = preProject
		Data.cs = Data.cs
	EndProjectSection
EndProject
Global
	GlobalSection(SolutionConfigurationPlatforms) = preSolution
		Debug|Any CPU = Debug|Any CPU
		Release|Any CPU = Release|Any CPU
	EndGlobalSection
	GlobalSection(ProjectConfigurationPlatforms) = postSolution
		{ABB2BDA1-FD52-470F-B61D-A6E8F0BB4782}.Debug|Any CPU.ActiveCfg = Debug|Any CPU
		{ABB2BDA1-FD52-470F-B61D-A6E8F0BB4782}.Debug|Any CPU.Build.0 = Debug|Any CPU
		{ABB2BDA1-FD52-470F-B61D-A6E8F0BB4782}.Release|Any CPU.ActiveCfg = Release|Any CPU
		{ABB2BDA1-FD52-470F-B61D-A6E8F0BB4782}.Release|Any CPU.Build.0 = Release|Any CPU
	EndGlobalSection
	GlobalSection(SolutionProperties) = preSolution
		HideSolutionNode = FALSE
	EndGlobalSection
	GlobalSection(ExtensibilityGlobals) = postSolution
		SolutionGuid = {5132E153-1843-47E0-A88B-319F64230D7A}
	EndGlobalSection
EndGlobal
